
Microsoft Visual Studio Solution File, Format Version 12.00
# Visual Studio Version 16
VisualStudioVersion = 16.0.29709.97
MinimumVisualStudioVersion = 10.0.40219.1
Project("{FAE04EC0-301F-11D3-BF4B-00C04F79EFBC}") = "Epsi.ReseauNeuroneV2.0", "Epsi.ReseauNeuroneV2.0\Epsi.ReseauNeuroneV2.0.csproj", "{A158AD9D-2038-4A2A-97DB-6E5421C2628C}"
EndProject
Global
	GlobalSection(SolutionConfigurationPlatforms) = preSolution
		Debug|Any CPU = Debug|Any CPU
		Release|Any CPU = Release|Any CPU
	EndGlobalSection
	GlobalSection(ProjectConfigurationPlatforms) = postSolution
		{A158AD9D-2038-4A2A-97DB-6E5421C2628C}.Debug|Any CPU.ActiveCfg = Debug|Any CPU
		{A158AD9D-2038-4A2A-97DB-6E5421C2628C}.Debug|Any CPU.Build.0 = Debug|Any CPU
		{A158AD9D-2038-4A2A-97DB-6E5421C2628C}.Release|Any CPU.ActiveCfg = Release|Any CPU
		{A158AD9D-2038-4A2A-97DB-6E5421C2628C}.Release|Any CPU.Build.0 = Release|Any CPU
	EndGlobalSection
	GlobalSection(SolutionProperties) = preSolution
		HideSolutionNode = FALSE
	EndGlobalSection
	GlobalSection(ExtensibilityGlobals) = postSolution
		SolutionGuid = {51736BA0-4825-41C3-978A-E10D6DBDD107}
	EndGlobalSection
EndGlobal
